
Microsoft Visual Studio Solution File, Format Version 11.00
# Visual Studio 2010
Project("{8BC9CEB8-8B4A-11D0-8D11-00A0C91BC942}") = "CUDA Naive Ray Tracer", "projects\CUDA-Naive-Ray-Tracer\CUDA Naive Ray Tracer.vcxproj", "{309DFAE9-0A6E-4AFC-A3C5-9574241BF8FB}"
EndProject
Project("{8BC9CEB8-8B4A-11D0-8D11-00A0C91BC942}") = "CUDA Engine", "projects\CUDA-Engine\Engine.vcxproj", "{32F9991F-30E3-4B87-81D8-F5C958610FDC}"
EndProject
Project("{8BC9CEB8-8B4A-11D0-8D11-00A0C91BC942}") = "CUDA Naive Engine", "projects\CUDA-Naive-Engine\CUDA Naive Engine.vcxproj", "{2018CF90-FBAB-4B41-B997-E0D6BBF781D6}"
EndProject
Global
	GlobalSection(SolutionConfigurationPlatforms) = preSolution
		Debug|Win32 = Debug|Win32
		Release|Win32 = Release|Win32
		Static Release|Win32 = Static Release|Win32
	EndGlobalSection
	GlobalSection(ProjectConfigurationPlatforms) = postSolution
		{309DFAE9-0A6E-4AFC-A3C5-9574241BF8FB}.Debug|Win32.ActiveCfg = Debug|Win32
		{309DFAE9-0A6E-4AFC-A3C5-9574241BF8FB}.Debug|Win32.Build.0 = Debug|Win32
		{309DFAE9-0A6E-4AFC-A3C5-9574241BF8FB}.Release|Win32.ActiveCfg = Release|Win32
		{309DFAE9-0A6E-4AFC-A3C5-9574241BF8FB}.Release|Win32.Build.0 = Release|Win32
		{309DFAE9-0A6E-4AFC-A3C5-9574241BF8FB}.Static Release|Win32.ActiveCfg = Static Release|Win32
		{309DFAE9-0A6E-4AFC-A3C5-9574241BF8FB}.Static Release|Win32.Build.0 = Static Release|Win32
		{32F9991F-30E3-4B87-81D8-F5C958610FDC}.Debug|Win32.ActiveCfg = Debug|Win32
		{32F9991F-30E3-4B87-81D8-F5C958610FDC}.Debug|Win32.Build.0 = Debug|Win32
		{32F9991F-30E3-4B87-81D8-F5C958610FDC}.Release|Win32.ActiveCfg = Release|Win32
		{32F9991F-30E3-4B87-81D8-F5C958610FDC}.Release|Win32.Build.0 = Release|Win32
		{32F9991F-30E3-4B87-81D8-F5C958610FDC}.Static Release|Win32.ActiveCfg = Static Release|Win32
		{32F9991F-30E3-4B87-81D8-F5C958610FDC}.Static Release|Win32.Build.0 = Static Release|Win32
		{2018CF90-FBAB-4B41-B997-E0D6BBF781D6}.Debug|Win32.ActiveCfg = Debug|Win32
		{2018CF90-FBAB-4B41-B997-E0D6BBF781D6}.Debug|Win32.Build.0 = Debug|Win32
		{2018CF90-FBAB-4B41-B997-E0D6BBF781D6}.Release|Win32.ActiveCfg = Release|Win32
		{2018CF90-FBAB-4B41-B997-E0D6BBF781D6}.Release|Win32.Build.0 = Release|Win32
		{2018CF90-FBAB-4B41-B997-E0D6BBF781D6}.Static Release|Win32.ActiveCfg = Static Release|Win32
		{2018CF90-FBAB-4B41-B997-E0D6BBF781D6}.Static Release|Win32.Build.0 = Static Release|Win32
	EndGlobalSection
	GlobalSection(SolutionProperties) = preSolution
		HideSolutionNode = FALSE
	EndGlobalSection
EndGlobal
